
Microsoft Visual Studio Solution File, Format Version 12.00
# Visual Studio Version 17
VisualStudioVersion = 17.14.36109.1
MinimumVisualStudioVersion = 10.0.40219.1
Project("{FAE04EC0-301F-11D3-BF4B-00C04F79EFBC}") = "InventoryWebAPI", "InventoryWebAPI\InventoryWebAPI.csproj", "{99D70553-E45C-4518-AB94-DC66911840A9}"
EndProject
Project("{FAE04EC0-301F-11D3-BF4B-00C04F79EFBC}") = "EntitiesBL", "InventoryWebAPI\Libs\EntitiesBL\EntitiesBL.csproj", "{6E37E82D-B48A-4C2E-B736-4F52533A5F81}"
EndProject
Global
	GlobalSection(SolutionConfigurationPlatforms) = preSolution
		Debug|Any CPU = Debug|Any CPU
		Release|Any CPU = Release|Any CPU
	EndGlobalSection
	GlobalSection(ProjectConfigurationPlatforms) = postSolution
		{99D70553-E45C-4518-AB94-DC66911840A9}.Debug|Any CPU.ActiveCfg = Debug|Any CPU
		{99D70553-E45C-4518-AB94-DC66911840A9}.Debug|Any CPU.Build.0 = Debug|Any CPU
		{99D70553-E45C-4518-AB94-DC66911840A9}.Release|Any CPU.ActiveCfg = Release|Any CPU
		{99D70553-E45C-4518-AB94-DC66911840A9}.Release|Any CPU.Build.0 = Release|Any CPU
		{6E37E82D-B48A-4C2E-B736-4F52533A5F81}.Debug|Any CPU.ActiveCfg = Debug|Any CPU
		{6E37E82D-B48A-4C2E-B736-4F52533A5F81}.Debug|Any CPU.Build.0 = Debug|Any CPU
		{6E37E82D-B48A-4C2E-B736-4F52533A5F81}.Release|Any CPU.ActiveCfg = Release|Any CPU
		{6E37E82D-B48A-4C2E-B736-4F52533A5F81}.Release|Any CPU.Build.0 = Release|Any CPU
	EndGlobalSection
	GlobalSection(SolutionProperties) = preSolution
		HideSolutionNode = FALSE
	EndGlobalSection
	GlobalSection(ExtensibilityGlobals) = postSolution
		SolutionGuid = {AFB18BEE-EE7E-4332-88FF-8EBE1372DA30}
	EndGlobalSection
EndGlobal
